// !$*UTF8*$!
{
	archiveVersion = 1;
	classes = {
	};
	objectVersion = 46;
	objects = {

/* Begin PBXBuildFile section */
		477181651B23AEA100082BA3 /* AppDelegate.swift in Sources */ = {isa = PBXBuildFile; fileRef = 477181641B23AEA100082BA3 /* AppDelegate.swift */; };
		477181671B23AEA100082BA3 /* ViewController.swift in Sources */ = {isa = PBXBuildFile; fileRef = 477181661B23AEA100082BA3 /* ViewController.swift */; };
		4771816A1B23AEA100082BA3 /* Main.storyboard in Resources */ = {isa = PBXBuildFile; fileRef = 477181681B23AEA100082BA3 /* Main.storyboard */; };
		4771816C1B23AEA100082BA3 /* Images.xcassets in Resources */ = {isa = PBXBuildFile; fileRef = 4771816B1B23AEA100082BA3 /* Images.xcassets */; };
		4771816F1B23AEA100082BA3 /* LaunchScreen.xib in Resources */ = {isa = PBXBuildFile; fileRef = 4771816D1B23AEA100082BA3 /* LaunchScreen.xib */; };
		4771817B1B23AEA100082BA3 /* ClassificationAndInheritanceChallengeTests.swift in Sources */ = {isa = PBXBuildFile; fileRef = 4771817A1B23AEA100082BA3 /* ClassificationAndInheritanceChallengeTests.swift */; };
		477181B91B2743EB00082BA3 /* AppleDevice.swift in Sources */ = {isa = PBXBuildFile; fileRef = 477181B81B2743EB00082BA3 /* AppleDevice.swift */; };
		477181BB1B274A7E00082BA3 /* iPad.swift in Sources */ = {isa = PBXBuildFile; fileRef = 477181BA1B274A7E00082BA3 /* iPad.swift */; };
/* End PBXBuildFile section */

/* Begin PBXContainerItemProxy section */
		477181751B23AEA100082BA3 /* PBXContainerItemProxy */ = {
			isa = PBXContainerItemProxy;
			containerPortal = 477181571B23AEA100082BA3 /* Project object */;
			proxyType = 1;
			remoteGlobalIDString = 4771815E1B23AEA100082BA3;
			remoteInfo = ClassificationAndInheritanceChallenge;
		};
/* End PBXContainerItemProxy section */

/* Begin PBXFileReference section */
		4771815F1B23AEA100082BA3 /* ClassificationAndInheritanceChallenge.app */ = {isa = PBXFileReference; explicitFileType = wrapper.application; includeInIndex = 0; path = ClassificationAndInheritanceChallenge.app; sourceTree = BUILT_PRODUCTS_DIR; };
		477181631B23AEA100082BA3 /* Info.plist */ = {isa = PBXFileReference; lastKnownFileType = text.plist.xml; path = Info.plist; sourceTree = "<group>"; };
		477181641B23AEA100082BA3 /* AppDelegate.swift */ = {isa = PBXFileReference; lastKnownFileType = sourcecode.swift; path = AppDelegate.swift; sourceTree = "<group>"; };
		477181661B23AEA100082BA3 /* ViewController.swift */ = {isa = PBXFileReference; lastKnownFileType = sourcecode.swift; path = ViewController.swift; sourceTree = "<group>"; };
		477181691B23AEA100082BA3 /* Base */ = {isa = PBXFileReference; lastKnownFileType = file.storyboard; name = Base; path = Base.lproj/Main.storyboard; sourceTree = "<group>"; };
		4771816B1B23AEA100082BA3 /* Images.xcassets */ = {isa = PBXFileReference; lastKnownFileType = folder.assetcatalog; path = Images.xcassets; sourceTree = "<group>"; };
		4771816E1B23AEA100082BA3 /* Base */ = {isa = PBXFileReference; lastKnownFileType = file.xib; name = Base; path = Base.lproj/LaunchScreen.xib; sourceTree = "<group>"; };
		477181741B23AEA100082BA3 /* ClassificationAndInheritanceChallengeTests.xctest */ = {isa = PBXFileReference; explicitFileType = wrapper.cfbundle; includeInIndex = 0; path = ClassificationAndInheritanceChallengeTests.xctest; sourceTree = BUILT_PRODUCTS_DIR; };
		477181791B23AEA100082BA3 /* Info.plist */ = {isa = PBXFileReference; lastKnownFileType = text.plist.xml; path = Info.plist; sourceTree = "<group>"; };
		4771817A1B23AEA100082BA3 /* ClassificationAndInheritanceChallengeTests.swift */ = {isa = PBXFileReference; lastKnownFileType = sourcecode.swift; path = ClassificationAndInheritanceChallengeTests.swift; sourceTree = "<group>"; };
		477181B81B2743EB00082BA3 /* AppleDevice.swift */ = {isa = PBXFileReference; fileEncoding = 4; lastKnownFileType = sourcecode.swift; path = AppleDevice.swift; sourceTree = "<group>"; };
		477181BA1B274A7E00082BA3 /* iPad.swift */ = {isa = PBXFileReference; fileEncoding = 4; lastKnownFileType = sourcecode.swift; path = iPad.swift; sourceTree = "<group>"; };
/* End PBXFileReference section */

/* Begin PBXFrameworksBuildPhase section */
		4771815C1B23AEA100082BA3 /* Frameworks */ = {
			isa = PBXFrameworksBuildPhase;
			buildActionMask = 2147483647;
			files = (
			);
			runOnlyForDeploymentPostprocessing = 0;
		};
		477181711B23AEA100082BA3 /* Frameworks */ = {
			isa = PBXFrameworksBuildPhase;
			buildActionMask = 2147483647;
			files = (
			);
			runOnlyForDeploymentPostprocessing = 0;
		};
/* End PBXFrameworksBuildPhase section */

/* Begin PBXGroup section */
		477181561B23AEA100082BA3 = {
			isa = PBXGroup;
			children = (
				477181611B23AEA100082BA3 /* ClassificationAndInheritanceChallenge */,
				477181771B23AEA100082BA3 /* ClassificationAndInheritanceChallengeTests */,
				477181601B23AEA100082BA3 /* Products */,
			);
			sourceTree = "<group>";
		};
		477181601B23AEA100082BA3 /* Products */ = {
			isa = PBXGroup;
			children = (
				4771815F1B23AEA100082BA3 /* ClassificationAndInheritanceChallenge.app */,
				477181741B23AEA100082BA3 /* ClassificationAndInheritanceChallengeTests.xctest */,
			);
			name = Products;
			sourceTree = "<group>";
		};
		477181611B23AEA100082BA3 /* ClassificationAndInheritanceChallenge */ = {
			isa = PBXGroup;
			children = (
				477181B81B2743EB00082BA3 /* AppleDevice.swift */,
				477181BA1B274A7E00082BA3 /* iPad.swift */,
				477181641B23AEA100082BA3 /* AppDelegate.swift */,
				477181661B23AEA100082BA3 /* ViewController.swift */,
				477181681B23AEA100082BA3 /* Main.storyboard */,
				4771816B1B23AEA100082BA3 /* Images.xcassets */,
				4771816D1B23AEA100082BA3 /* LaunchScreen.xib */,
				477181621B23AEA100082BA3 /* Supporting Files */,
			);
			path = ClassificationAndInheritanceChallenge;
			sourceTree = "<group>";
		};
		477181621B23AEA100082BA3 /* Supporting Files */ = {
			isa = PBXGroup;
			children = (
				477181631B23AEA100082BA3 /* Info.plist */,
			);
			name = "Supporting Files";
			sourceTree = "<group>";
		};
		477181771B23AEA100082BA3 /* ClassificationAndInheritanceChallengeTests */ = {
			isa = PBXGroup;
			children = (
				4771817A1B23AEA100082BA3 /* ClassificationAndInheritanceChallengeTests.swift */,
				477181781B23AEA100082BA3 /* Supporting Files */,
			);
			path = ClassificationAndInheritanceChallengeTests;
			sourceTree = "<group>";
		};
		477181781B23AEA100082BA3 /* Supporting Files */ = {
			isa = PBXGroup;
			children = (
				477181791B23AEA100082BA3 /* Info.plist */,
			);
			name = "Supporting Files";
			sourceTree = "<group>";
		};
/* End PBXGroup section */

/* Begin PBXNativeTarget section */
		4771815E1B23AEA100082BA3 /* ClassificationAndInheritanceChallenge */ = {
			isa = PBXNativeTarget;
			buildConfigurationList = 4771817E1B23AEA100082BA3 /* Build configuration list for PBXNativeTarget "ClassificationAndInheritanceChallenge" */;
			buildPhases = (
				4771815B1B23AEA100082BA3 /* Sources */,
				4771815C1B23AEA100082BA3 /* Frameworks */,
				4771815D1B23AEA100082BA3 /* Resources */,
			);
			buildRules = (
			);
			dependencies = (
			);
			name = ClassificationAndInheritanceChallenge;
			productName = ClassificationAndInheritanceChallenge;
			productReference = 4771815F1B23AEA100082BA3 /* ClassificationAndInheritanceChallenge.app */;
			productType = "com.apple.product-type.application";
		};
		477181731B23AEA100082BA3 /* ClassificationAndInheritanceChallengeTests */ = {
			isa = PBXNativeTarget;
			buildConfigurationList = 477181811B23AEA100082BA3 /* Build configuration list for PBXNativeTarget "ClassificationAndInheritanceChallengeTests" */;
			buildPhases = (
				477181701B23AEA100082BA3 /* Sources */,
				477181711B23AEA100082BA3 /* Frameworks */,
				477181721B23AEA100082BA3 /* Resources */,
			);
			buildRules = (
			);
			dependencies = (
				477181761B23AEA100082BA3 /* PBXTargetDependency */,
			);
			name = ClassificationAndInheritanceChallengeTests;
			productName = ClassificationAndInheritanceChallengeTests;
			productReference = 477181741B23AEA100082BA3 /* ClassificationAndInheritanceChallengeTests.xctest */;
			productType = "com.apple.product-type.bundle.unit-test";
		};
/* End PBXNativeTarget section */

/* Begin PBXProject section */
		477181571B23AEA100082BA3 /* Project object */ = {
			isa = PBXProject;
			attributes = {
				LastSwiftUpdateCheck = 0700;
				LastUpgradeCheck = 0700;
				ORGANIZATIONNAME = MobileMakers;
				TargetAttributes = {
					4771815E1B23AEA100082BA3 = {
						CreatedOnToolsVersion = 6.3.2;
					};
					477181731B23AEA100082BA3 = {
						CreatedOnToolsVersion = 6.3.2;
						TestTargetID = 4771815E1B23AEA100082BA3;
					};
				};
			};
			buildConfigurationList = 4771815A1B23AEA100082BA3 /* Build configuration list for PBXProject "ClassificationAndInheritanceChallenge" */;
			compatibilityVersion = "Xcode 3.2";
			developmentRegion = English;
			hasScannedForEncodings = 0;
			knownRegions = (
				en,
				Base,
			);
			mainGroup = 477181561B23AEA100082BA3;
			productRefGroup = 477181601B23AEA100082BA3 /* Products */;
			projectDirPath = "";
			projectRoot = "";
			targets = (
				4771815E1B23AEA100082BA3 /* ClassificationAndInheritanceChallenge */,
				477181731B23AEA100082BA3 /* ClassificationAndInheritanceChallengeTests */,
			);
		};
/* End PBXProject section */

/* Begin PBXResourcesBuildPhase section */
		4771815D1B23AEA100082BA3 /* Resources */ = {
			isa = PBXResourcesBuildPhase;
			buildActionMask = 2147483647;
			files = (
				4771816A1B23AEA100082BA3 /* Main.storyboard in Resources */,
				4771816F1B23AEA100082BA3 /* LaunchScreen.xib in Resources */,
				4771816C1B23AEA100082BA3 /* Images.xcassets in Resources */,
			);
			runOnlyForDeploymentPostprocessing = 0;
		};
		477181721B23AEA100082BA3 /* Resources */ = {
			isa = PBXResourcesBuildPhase;
			buildActionMask = 2147483647;
			files = (
			);
			runOnlyForDeploymentPostprocessing = 0;
		};
/* End PBXResourcesBuildPhase section */

/* Begin PBXSourcesBuildPhase section */
		4771815B1B23AEA100082BA3 /* Sources */ = {
			isa = PBXSourcesBuildPhase;
			buildActionMask = 2147483647;
			files = (
				477181B91B2743EB00082BA3 /* AppleDevice.swift in Sources */,
				477181671B23AEA100082BA3 /* ViewController.swift in Sources */,
				477181651B23AEA100082BA3 /* AppDelegate.swift in Sources */,
				477181BB1B274A7E00082BA3 /* iPad.swift in Sources */,
			);
			runOnlyForDeploymentPostprocessing = 0;
		};
		477181701B23AEA100082BA3 /* Sources */ = {
			isa = PBXSourcesBuildPhase;
			buildActionMask = 2147483647;
			files = (
				4771817B1B23AEA100082BA3 /* ClassificationAndInheritanceChallengeTests.swift in Sources */,
			);
			runOnlyForDeploymentPostprocessing = 0;
		};
/* End PBXSourcesBuildPhase section */

/* Begin PBXTargetDependency section */
		477181761B23AEA100082BA3 /* PBXTargetDependency */ = {
			isa = PBXTargetDependency;
			target = 4771815E1B23AEA100082BA3 /* ClassificationAndInheritanceChallenge */;
			targetProxy = 477181751B23AEA100082BA3 /* PBXContainerItemProxy */;
		};
/* End PBXTargetDependency section */

/* Begin PBXVariantGroup section */
		477181681B23AEA100082BA3 /* Main.storyboard */ = {
			isa = PBXVariantGroup;
			children = (
				477181691B23AEA100082BA3 /* Base */,
			);
			name = Main.storyboard;
			sourceTree = "<group>";
		};
		4771816D1B23AEA100082BA3 /* LaunchScreen.xib */ = {
			isa = PBXVariantGroup;
			children = (
				4771816E1B23AEA100082BA3 /* Base */,
			);
			name = LaunchScreen.xib;
			sourceTree = "<group>";
		};
/* End PBXVariantGroup section */

/* Begin XCBuildConfiguration section */
		4771817C1B23AEA100082BA3 /* Debug */ = {
			isa = XCBuildConfiguration;
			buildSettings = {
				ALWAYS_SEARCH_USER_PATHS = NO;
				CLANG_CXX_LANGUAGE_STANDARD = "gnu++0x";
				CLANG_CXX_LIBRARY = "libc++";
				CLANG_ENABLE_MODULES = YES;
				CLANG_ENABLE_OBJC_ARC = YES;
				CLANG_WARN_BOOL_CONVERSION = YES;
				CLANG_WARN_CONSTANT_CONVERSION = YES;
				CLANG_WARN_DIRECT_OBJC_ISA_USAGE = YES_ERROR;
				CLANG_WARN_EMPTY_BODY = YES;
				CLANG_WARN_ENUM_CONVERSION = YES;
				CLANG_WARN_INT_CONVERSION = YES;
				CLANG_WARN_OBJC_ROOT_CLASS = YES_ERROR;
				CLANG_WARN_UNREACHABLE_CODE = YES;
				CLANG_WARN__DUPLICATE_METHOD_MATCH = YES;
				"CODE_SIGN_IDENTITY[sdk=iphoneos*]" = "iPhone Developer";
				COPY_PHASE_STRIP = NO;
				DEBUG_INFORMATION_FORMAT = "dwarf-with-dsym";
				ENABLE_STRICT_OBJC_MSGSEND = YES;
				ENABLE_TESTABILITY = YES;
				GCC_C_LANGUAGE_STANDARD = gnu99;
				GCC_DYNAMIC_NO_PIC = NO;
				GCC_NO_COMMON_BLOCKS = YES;
				GCC_OPTIMIZATION_LEVEL = 0;
				GCC_PREPROCESSOR_DEFINITIONS = (
					"DEBUG=1",
					"$(inherited)",
				);
				GCC_SYMBOLS_PRIVATE_EXTERN = NO;
				GCC_WARN_64_TO_32_BIT_CONVERSION = YES;
				GCC_WARN_ABOUT_RETURN_TYPE = YES_ERROR;
				GCC_WARN_UNDECLARED_SELECTOR = YES;
				GCC_WARN_UNINITIALIZED_AUTOS = YES_AGGRESSIVE;
				GCC_WARN_UNUSED_FUNCTION = YES;
				GCC_WARN_UNUSED_VARIABLE = YES;
				IPHONEOS_DEPLOYMENT_TARGET = 8.3;
				MTL_ENABLE_DEBUG_INFO = YES;
				ONLY_ACTIVE_ARCH = YES;
				SDKROOT = iphoneos;
				SWIFT_OPTIMIZATION_LEVEL = "-Onone";
				TARGETED_DEVICE_FAMILY = "1,2";
			};
			name = Debug;
		};
		4771817D1B23AEA100082BA3 /* Release */ = {
			isa = XCBuildConfiguration;
			buildSettings = {
				ALWAYS_SEARCH_USER_PATHS = NO;
				CLANG_CXX_LANGUAGE_STANDARD = "gnu++0x";
				CLANG_CXX_LIBRARY = "libc++";
				CLANG_ENABLE_MODULES = YES;
				CLANG_ENABLE_OBJC_ARC = YES;
				CLANG_WARN_BOOL_CONVERSION = YES;
				CLANG_WARN_CONSTANT_CONVERSION = YES;
				CLANG_WARN_DIRECT_OBJC_ISA_USAGE = YES_ERROR;
				CLANG_WARN_EMPTY_BODY = YES;
				CLANG_WARN_ENUM_CONVERSION = YES;
				CLANG_WARN_INT_CONVERSION = YES;
				CLANG_WARN_OBJC_ROOT_CLASS = YES_ERROR;
				CLANG_WARN_UNREACHABLE_CODE = YES;
				CLANG_WARN__DUPLICATE_METHOD_MATCH = YES;
				"CODE_SIGN_IDENTITY[sdk=iphoneos*]" = "iPhone Developer";
				COPY_PHASE_STRIP = NO;
				DEBUG_INFORMATION_FORMAT = "dwarf-with-dsym";
				ENABLE_NS_ASSERTIONS = NO;
				ENABLE_STRICT_OBJC_MSGSEND = YES;
				GCC_C_LANGUAGE_STANDARD = gnu99;
				GCC_NO_COMMON_BLOCKS = YES;
				GCC_WARN_64_TO_32_BIT_CONVERSION = YES;
				GCC_WARN_ABOUT_RETURN_TYPE = YES_ERROR;
				GCC_WARN_UNDECLARED_SELECTOR = YES;
				GCC_WARN_UNINITIALIZED_AUTOS = YES_AGGRESSIVE;
				GCC_WARN_UNUSED_FUNCTION = YES;
				GCC_WARN_UNUSED_VARIABLE = YES;
				IPHONEOS_DEPLOYMENT_TARGET = 8.3;
				MTL_ENABLE_DEBUG_INFO = NO;
				SDKROOT = iphoneos;
				TARGETED_DEVICE_FAMILY = "1,2";
				VALIDATE_PRODUCT = YES;
			};
			name = Release;
		};
		4771817F1B23AEA100082BA3 /* Debug */ = {
			isa = XCBuildConfiguration;
			buildSettings = {
				ASSETCATALOG_COMPILER_APPICON_NAME = AppIcon;
				INFOPLIST_FILE = ClassificationAndInheritanceChallenge/Info.plist;
				LD_RUNPATH_SEARCH_PATHS = "$(inherited) @executable_path/Frameworks";
				PRODUCT_BUNDLE_IDENTIFIER = "mm.$(PRODUCT_NAME:rfc1034identifier)";
				PRODUCT_NAME = "$(TARGET_NAME)";
			};
			name = Debug;
		};
		477181801B23AEA100082BA3 /* Release */ = {
			isa = XCBuildConfiguration;
			buildSettings = {
				ASSETCATALOG_COMPILER_APPICON_NAME = AppIcon;
				INFOPLIST_FILE = ClassificationAndInheritanceChallenge/Info.plist;
				LD_RUNPATH_SEARCH_PATHS = "$(inherited) @executable_path/Frameworks";
				PRODUCT_BUNDLE_IDENTIFIER = "mm.$(PRODUCT_NAME:rfc1034identifier)";
				PRODUCT_NAME = "$(TARGET_NAME)";
			};
			name = Release;
		};
		477181821B23AEA100082BA3 /* Debug */ = {
			isa = XCBuildConfiguration;
			buildSettings = {
				BUNDLE_LOADER = "$(TEST_HOST)";
				FRAMEWORK_SEARCH_PATHS = (
					"$(SDKROOT)/Developer/Library/Frameworks",
					"$(inherited)",
				);
				GCC_PREPROCESSOR_DEFINITIONS = (
					"DEBUG=1",
					"$(inherited)",
				);
				INFOPLIST_FILE = ClassificationAndInheritanceChallengeTests/Info.plist;
				LD_RUNPATH_SEARCH_PATHS = "$(inherited) @executable_path/Frameworks @loader_path/Frameworks";
				PRODUCT_BUNDLE_IDENTIFIER = "mm.$(PRODUCT_NAME:rfc1034identifier)";
				PRODUCT_NAME = "$(TARGET_NAME)";
				TEST_HOST = "$(BUILT_PRODUCTS_DIR)/ClassificationAndInheritanceChallenge.app/ClassificationAndInheritanceChallenge";
			};
			name = Debug;
		};
		477181831B23AEA100082BA3 /* Release */ = {
			isa = XCBuildConfiguration;
			buildSettings = {
				BUNDLE_LOADER = "$(TEST_HOST)";
				FRAMEWORK_SEARCH_PATHS = (
					"$(SDKROOT)/Developer/Library/Frameworks",
					"$(inherited)",
				);
				INFOPLIST_FILE = ClassificationAndInheritanceChallengeTests/Info.plist;
				LD_RUNPATH_SEARCH_PATHS = "$(inherited) @executable_path/Frameworks @loader_path/Frameworks";
				PRODUCT_BUNDLE_IDENTIFIER = "mm.$(PRODUCT_NAME:rfc1034identifier)";
				PRODUCT_NAME = "$(TARGET_NAME)";
				TEST_HOST = "$(BUILT_PRODUCTS_DIR)/ClassificationAndInheritanceChallenge.app/ClassificationAndInheritanceChallenge";
			};
			name = Release;
		};
/* End XCBuildConfiguration section */

/* Begin XCConfigurationList section */
		4771815A1B23AEA100082BA3 /* Build configuration list for PBXProject "ClassificationAndInheritanceChallenge" */ = {
			isa = XCConfigurationList;
			buildConfigurations = (
				4771817C1B23AEA100082BA3 /* Debug */,
				4771817D1B23AEA100082BA3 /* Release */,
			);
			defaultConfigurationIsVisible = 0;
			defaultConfigurationName = Release;
		};
		4771817E1B23AEA100082BA3 /* Build configuration list for PBXNativeTarget "ClassificationAndInheritanceChallenge" */ = {
			isa = XCConfigurationList;
			buildConfigurations = (
				4771817F1B23AEA100082BA3 /* Debug */,
				477181801B23AEA100082BA3 /* Release */,
			);
			defaultConfigurationIsVisible = 0;
			defaultConfigurationName = Release;
		};
		477181811B23AEA100082BA3 /* Build configuration list for PBXNativeTarget "ClassificationAndInheritanceChallengeTests" */ = {
			isa = XCConfigurationList;
			buildConfigurations = (
				477181821B23AEA100082BA3 /* Debug */,
				477181831B23AEA100082BA3 /* Release */,
			);
			defaultConfigurationIsVisible = 0;
			defaultConfigurationName = Release;
		};
/* End XCConfigurationList section */
	};
	rootObject = 477181571B23AEA100082BA3 /* Project object */;
}
